
Microsoft Visual Studio Solution File, Format Version 12.00
# Visual Studio Version 16
VisualStudioVersion = 16.0.28606.126
MinimumVisualStudioVersion = 10.0.40219.1
Project("{FAE04EC0-301F-11D3-BF4B-00C04F79EFBC}") = "Posto.Win.Atualizador.WPF", "Source\Posto.Win.Atualizador.WPF\Posto.Win.Atualizador.WPF.csproj", "{9CE6F4A1-6AC9-4E86-8084-529627C5A77F}"
EndProject
Project("{FAE04EC0-301F-11D3-BF4B-00C04F79EFBC}") = "Posto.Win.App", "Source\Posto.Win.App\Posto.Win.App.csproj", "{8C2D37B0-6263-41EF-9178-A15B311E549E}"
EndProject
Project("{FAE04EC0-301F-11D3-BF4B-00C04F79EFBC}") = "Posto.Win.App.Update", "Source\Posto.Win.App.Update\Posto.Win.App.Update.csproj", "{B178E61D-25D8-42C0-83B5-7529CB207A2C}"
EndProject
Project("{FAE04EC0-301F-11D3-BF4B-00C04F79EFBC}") = "Posto.Win.Atualizador.WF", "Source\Posto.Win.Atualizador.WF\Posto.Win.Atualizador.WF.csproj", "{DD0CCA8F-8480-43F2-B537-852916D5C22D}"
EndProject
Global
	GlobalSection(SolutionConfigurationPlatforms) = preSolution
		Debug|Any CPU = Debug|Any CPU
		Release|Any CPU = Release|Any CPU
	EndGlobalSection
	GlobalSection(ProjectConfigurationPlatforms) = postSolution
		{9CE6F4A1-6AC9-4E86-8084-529627C5A77F}.Debug|Any CPU.ActiveCfg = Debug|Any CPU
		{9CE6F4A1-6AC9-4E86-8084-529627C5A77F}.Debug|Any CPU.Build.0 = Debug|Any CPU
		{9CE6F4A1-6AC9-4E86-8084-529627C5A77F}.Release|Any CPU.ActiveCfg = Release|Any CPU
		{9CE6F4A1-6AC9-4E86-8084-529627C5A77F}.Release|Any CPU.Build.0 = Release|Any CPU
		{8C2D37B0-6263-41EF-9178-A15B311E549E}.Debug|Any CPU.ActiveCfg = Debug|Any CPU
		{8C2D37B0-6263-41EF-9178-A15B311E549E}.Debug|Any CPU.Build.0 = Debug|Any CPU
		{8C2D37B0-6263-41EF-9178-A15B311E549E}.Release|Any CPU.ActiveCfg = Release|Any CPU
		{8C2D37B0-6263-41EF-9178-A15B311E549E}.Release|Any CPU.Build.0 = Release|Any CPU
		{B178E61D-25D8-42C0-83B5-7529CB207A2C}.Debug|Any CPU.ActiveCfg = Debug|Any CPU
		{B178E61D-25D8-42C0-83B5-7529CB207A2C}.Debug|Any CPU.Build.0 = Debug|Any CPU
		{B178E61D-25D8-42C0-83B5-7529CB207A2C}.Release|Any CPU.ActiveCfg = Release|Any CPU
		{B178E61D-25D8-42C0-83B5-7529CB207A2C}.Release|Any CPU.Build.0 = Release|Any CPU
		{DD0CCA8F-8480-43F2-B537-852916D5C22D}.Debug|Any CPU.ActiveCfg = Debug|Any CPU
		{DD0CCA8F-8480-43F2-B537-852916D5C22D}.Debug|Any CPU.Build.0 = Debug|Any CPU
		{DD0CCA8F-8480-43F2-B537-852916D5C22D}.Release|Any CPU.ActiveCfg = Release|Any CPU
		{DD0CCA8F-8480-43F2-B537-852916D5C22D}.Release|Any CPU.Build.0 = Release|Any CPU
	EndGlobalSection
	GlobalSection(SolutionProperties) = preSolution
		HideSolutionNode = FALSE
	EndGlobalSection
	GlobalSection(ExtensibilityGlobals) = postSolution
		SolutionGuid = {24D23888-4303-438F-BE24-21BEA0EC1D62}
	EndGlobalSection
EndGlobal
